
Microsoft Visual Studio Solution File, Format Version 12.00
# Visual Studio Version 17
VisualStudioVersion = 17.14.36429.23 d17.14
MinimumVisualStudioVersion = 10.0.40219.1
Project("{FAE04EC0-301F-11D3-BF4B-00C04F79EFBC}") = "XQLiteAddIn", "XQLiteAddIn.csproj", "{2E78944C-7758-45FA-8A27-B2672B8AFFD3}"
EndProject
Global
	GlobalSection(SolutionConfigurationPlatforms) = preSolution
		Debug|Any CPU = Debug|Any CPU
		Release|Any CPU = Release|Any CPU
	EndGlobalSection
	GlobalSection(ProjectConfigurationPlatforms) = postSolution
		{2E78944C-7758-45FA-8A27-B2672B8AFFD3}.Debug|Any CPU.ActiveCfg = Debug|Any CPU
		{2E78944C-7758-45FA-8A27-B2672B8AFFD3}.Debug|Any CPU.Build.0 = Debug|Any CPU
		{2E78944C-7758-45FA-8A27-B2672B8AFFD3}.Release|Any CPU.ActiveCfg = Release|Any CPU
		{2E78944C-7758-45FA-8A27-B2672B8AFFD3}.Release|Any CPU.Build.0 = Release|Any CPU
	EndGlobalSection
	GlobalSection(SolutionProperties) = preSolution
		HideSolutionNode = FALSE
	EndGlobalSection
	GlobalSection(ExtensibilityGlobals) = postSolution
		SolutionGuid = {DA106604-5B5A-4BAD-9AC4-F8B863BFDF60}
	EndGlobalSection
EndGlobal
